// !$*UTF8*$!
{
	archiveVersion = 1;
	classes = {
	};
	objectVersion = 56;
	objects = {

/* Begin PBXBuildFile section */
		D11330732C18AACB00CF8AE5 /* StudiwusApp.swift in Sources */ = {isa = PBXBuildFile; fileRef = D11330722C18AACB00CF8AE5 /* StudiwusApp.swift */; };
		D11330752C18AACB00CF8AE5 /* ContentView.swift in Sources */ = {isa = PBXBuildFile; fileRef = D11330742C18AACB00CF8AE5 /* ContentView.swift */; };
		D11330772C18AACC00CF8AE5 /* Assets.xcassets in Resources */ = {isa = PBXBuildFile; fileRef = D11330762C18AACC00CF8AE5 /* Assets.xcassets */; };
		D113307A2C18AACC00CF8AE5 /* Preview Assets.xcassets in Resources */ = {isa = PBXBuildFile; fileRef = D11330792C18AACC00CF8AE5 /* Preview Assets.xcassets */; };
		D113307C2C18AACC00CF8AE5 /* Persistence.swift in Sources */ = {isa = PBXBuildFile; fileRef = D113307B2C18AACC00CF8AE5 /* Persistence.swift */; };
		D113307F2C18AACC00CF8AE5 /* Studiwus.xcdatamodeld in Sources */ = {isa = PBXBuildFile; fileRef = D113307D2C18AACC00CF8AE5 /* Studiwus.xcdatamodeld */; };
		D11330892C18AACC00CF8AE5 /* StudiwusTests.swift in Sources */ = {isa = PBXBuildFile; fileRef = D11330882C18AACC00CF8AE5 /* StudiwusTests.swift */; };
		D11330932C18AACC00CF8AE5 /* StudiwusUITests.swift in Sources */ = {isa = PBXBuildFile; fileRef = D11330922C18AACC00CF8AE5 /* StudiwusUITests.swift */; };
		D11330952C18AACC00CF8AE5 /* StudiwusUITestsLaunchTests.swift in Sources */ = {isa = PBXBuildFile; fileRef = D11330942C18AACC00CF8AE5 /* StudiwusUITestsLaunchTests.swift */; };
/* End PBXBuildFile section */

/* Begin PBXContainerItemProxy section */
		D11330852C18AACC00CF8AE5 /* PBXContainerItemProxy */ = {
			isa = PBXContainerItemProxy;
			containerPortal = D11330672C18AACB00CF8AE5 /* Project object */;
			proxyType = 1;
			remoteGlobalIDString = D113306E2C18AACB00CF8AE5;
			remoteInfo = Studiwus;
		};
		D113308F2C18AACC00CF8AE5 /* PBXContainerItemProxy */ = {
			isa = PBXContainerItemProxy;
			containerPortal = D11330672C18AACB00CF8AE5 /* Project object */;
			proxyType = 1;
			remoteGlobalIDString = D113306E2C18AACB00CF8AE5;
			remoteInfo = Studiwus;
		};
/* End PBXContainerItemProxy section */

/* Begin PBXFileReference section */
		D113306F2C18AACB00CF8AE5 /* Studiwus.app */ = {isa = PBXFileReference; explicitFileType = wrapper.application; includeInIndex = 0; path = Studiwus.app; sourceTree = BUILT_PRODUCTS_DIR; };
		D11330722C18AACB00CF8AE5 /* StudiwusApp.swift */ = {isa = PBXFileReference; lastKnownFileType = sourcecode.swift; path = StudiwusApp.swift; sourceTree = "<group>"; };
		D11330742C18AACB00CF8AE5 /* ContentView.swift */ = {isa = PBXFileReference; lastKnownFileType = sourcecode.swift; path = ContentView.swift; sourceTree = "<group>"; };
		D11330762C18AACC00CF8AE5 /* Assets.xcassets */ = {isa = PBXFileReference; lastKnownFileType = folder.assetcatalog; path = Assets.xcassets; sourceTree = "<group>"; };
		D11330792C18AACC00CF8AE5 /* Preview Assets.xcassets */ = {isa = PBXFileReference; lastKnownFileType = folder.assetcatalog; path = "Preview Assets.xcassets"; sourceTree = "<group>"; };
		D113307B2C18AACC00CF8AE5 /* Persistence.swift */ = {isa = PBXFileReference; lastKnownFileType = sourcecode.swift; path = Persistence.swift; sourceTree = "<group>"; };
		D113307E2C18AACC00CF8AE5 /* Studiwus.xcdatamodel */ = {isa = PBXFileReference; lastKnownFileType = wrapper.xcdatamodel; path = Studiwus.xcdatamodel; sourceTree = "<group>"; };
		D11330842C18AACC00CF8AE5 /* StudiwusTests.xctest */ = {isa = PBXFileReference; explicitFileType = wrapper.cfbundle; includeInIndex = 0; path = StudiwusTests.xctest; sourceTree = BUILT_PRODUCTS_DIR; };
		D11330882C18AACC00CF8AE5 /* StudiwusTests.swift */ = {isa = PBXFileReference; lastKnownFileType = sourcecode.swift; path = StudiwusTests.swift; sourceTree = "<group>"; };
		D113308E2C18AACC00CF8AE5 /* StudiwusUITests.xctest */ = {isa = PBXFileReference; explicitFileType = wrapper.cfbundle; includeInIndex = 0; path = StudiwusUITests.xctest; sourceTree = BUILT_PRODUCTS_DIR; };
		D11330922C18AACC00CF8AE5 /* StudiwusUITests.swift */ = {isa = PBXFileReference; lastKnownFileType = sourcecode.swift; path = StudiwusUITests.swift; sourceTree = "<group>"; };
		D11330942C18AACC00CF8AE5 /* StudiwusUITestsLaunchTests.swift */ = {isa = PBXFileReference; lastKnownFileType = sourcecode.swift; path = StudiwusUITestsLaunchTests.swift; sourceTree = "<group>"; };
/* End PBXFileReference section */

/* Begin PBXFrameworksBuildPhase section */
		D113306C2C18AACB00CF8AE5 /* Frameworks */ = {
			isa = PBXFrameworksBuildPhase;
			buildActionMask = 2147483647;
			files = (
			);
			runOnlyForDeploymentPostprocessing = 0;
		};
		D11330812C18AACC00CF8AE5 /* Frameworks */ = {
			isa = PBXFrameworksBuildPhase;
			buildActionMask = 2147483647;
			files = (
			);
			runOnlyForDeploymentPostprocessing = 0;
		};
		D113308B2C18AACC00CF8AE5 /* Frameworks */ = {
			isa = PBXFrameworksBuildPhase;
			buildActionMask = 2147483647;
			files = (
			);
			runOnlyForDeploymentPostprocessing = 0;
		};
/* End PBXFrameworksBuildPhase section */

/* Begin PBXGroup section */
		D11330662C18AACB00CF8AE5 = {
			isa = PBXGroup;
			children = (
				D11330712C18AACB00CF8AE5 /* Studiwus */,
				D11330872C18AACC00CF8AE5 /* StudiwusTests */,
				D11330912C18AACC00CF8AE5 /* StudiwusUITests */,
				D11330702C18AACB00CF8AE5 /* Products */,
			);
			sourceTree = "<group>";
		};
		D11330702C18AACB00CF8AE5 /* Products */ = {
			isa = PBXGroup;
			children = (
				D113306F2C18AACB00CF8AE5 /* Studiwus.app */,
				D11330842C18AACC00CF8AE5 /* StudiwusTests.xctest */,
				D113308E2C18AACC00CF8AE5 /* StudiwusUITests.xctest */,
			);
			name = Products;
			sourceTree = "<group>";
		};
		D11330712C18AACB00CF8AE5 /* Studiwus */ = {
			isa = PBXGroup;
			children = (
				D11330722C18AACB00CF8AE5 /* StudiwusApp.swift */,
				D11330742C18AACB00CF8AE5 /* ContentView.swift */,
				D11330762C18AACC00CF8AE5 /* Assets.xcassets */,
				D113307B2C18AACC00CF8AE5 /* Persistence.swift */,
				D113307D2C18AACC00CF8AE5 /* Studiwus.xcdatamodeld */,
				D11330782C18AACC00CF8AE5 /* Preview Content */,
			);
			path = Studiwus;
			sourceTree = "<group>";
		};
		D11330782C18AACC00CF8AE5 /* Preview Content */ = {
			isa = PBXGroup;
			children = (
				D11330792C18AACC00CF8AE5 /* Preview Assets.xcassets */,
			);
			path = "Preview Content";
			sourceTree = "<group>";
		};
		D11330872C18AACC00CF8AE5 /* StudiwusTests */ = {
			isa = PBXGroup;
			children = (
				D11330882C18AACC00CF8AE5 /* StudiwusTests.swift */,
			);
			path = StudiwusTests;
			sourceTree = "<group>";
		};
		D11330912C18AACC00CF8AE5 /* StudiwusUITests */ = {
			isa = PBXGroup;
			children = (
				D11330922C18AACC00CF8AE5 /* StudiwusUITests.swift */,
				D11330942C18AACC00CF8AE5 /* StudiwusUITestsLaunchTests.swift */,
			);
			path = StudiwusUITests;
			sourceTree = "<group>";
		};
/* End PBXGroup section */

/* Begin PBXNativeTarget section */
		D113306E2C18AACB00CF8AE5 /* Studiwus */ = {
			isa = PBXNativeTarget;
			buildConfigurationList = D11330982C18AACC00CF8AE5 /* Build configuration list for PBXNativeTarget "Studiwus" */;
			buildPhases = (
				D113306B2C18AACB00CF8AE5 /* Sources */,
				D113306C2C18AACB00CF8AE5 /* Frameworks */,
				D113306D2C18AACB00CF8AE5 /* Resources */,
			);
			buildRules = (
			);
			dependencies = (
			);
			name = Studiwus;
			productName = Studiwus;
			productReference = D113306F2C18AACB00CF8AE5 /* Studiwus.app */;
			productType = "com.apple.product-type.application";
		};
		D11330832C18AACC00CF8AE5 /* StudiwusTests */ = {
			isa = PBXNativeTarget;
			buildConfigurationList = D113309B2C18AACC00CF8AE5 /* Build configuration list for PBXNativeTarget "StudiwusTests" */;
			buildPhases = (
				D11330802C18AACC00CF8AE5 /* Sources */,
				D11330812C18AACC00CF8AE5 /* Frameworks */,
				D11330822C18AACC00CF8AE5 /* Resources */,
			);
			buildRules = (
			);
			dependencies = (
				D11330862C18AACC00CF8AE5 /* PBXTargetDependency */,
			);
			name = StudiwusTests;
			productName = StudiwusTests;
			productReference = D11330842C18AACC00CF8AE5 /* StudiwusTests.xctest */;
			productType = "com.apple.product-type.bundle.unit-test";
		};
		D113308D2C18AACC00CF8AE5 /* StudiwusUITests */ = {
			isa = PBXNativeTarget;
			buildConfigurationList = D113309E2C18AACC00CF8AE5 /* Build configuration list for PBXNativeTarget "StudiwusUITests" */;
			buildPhases = (
				D113308A2C18AACC00CF8AE5 /* Sources */,
				D113308B2C18AACC00CF8AE5 /* Frameworks */,
				D113308C2C18AACC00CF8AE5 /* Resources */,
			);
			buildRules = (
			);
			dependencies = (
				D11330902C18AACC00CF8AE5 /* PBXTargetDependency */,
			);
			name = StudiwusUITests;
			productName = StudiwusUITests;
			productReference = D113308E2C18AACC00CF8AE5 /* StudiwusUITests.xctest */;
			productType = "com.apple.product-type.bundle.ui-testing";
		};
/* End PBXNativeTarget section */

/* Begin PBXProject section */
		D11330672C18AACB00CF8AE5 /* Project object */ = {
			isa = PBXProject;
			attributes = {
				BuildIndependentTargetsInParallel = 1;
				LastSwiftUpdateCheck = 1540;
				LastUpgradeCheck = 1540;
				TargetAttributes = {
					D113306E2C18AACB00CF8AE5 = {
						CreatedOnToolsVersion = 15.4;
					};
					D11330832C18AACC00CF8AE5 = {
						CreatedOnToolsVersion = 15.4;
						TestTargetID = D113306E2C18AACB00CF8AE5;
					};
					D113308D2C18AACC00CF8AE5 = {
						CreatedOnToolsVersion = 15.4;
						TestTargetID = D113306E2C18AACB00CF8AE5;
					};
				};
			};
			buildConfigurationList = D113306A2C18AACB00CF8AE5 /* Build configuration list for PBXProject "Studiwus" */;
			compatibilityVersion = "Xcode 14.0";
			developmentRegion = en;
			hasScannedForEncodings = 0;
			knownRegions = (
				en,
				Base,
			);
			mainGroup = D11330662C18AACB00CF8AE5;
			productRefGroup = D11330702C18AACB00CF8AE5 /* Products */;
			projectDirPath = "";
			projectRoot = "";
			targets = (
				D113306E2C18AACB00CF8AE5 /* Studiwus */,
				D11330832C18AACC00CF8AE5 /* StudiwusTests */,
				D113308D2C18AACC00CF8AE5 /* StudiwusUITests */,
			);
		};
/* End PBXProject section */

/* Begin PBXResourcesBuildPhase section */
		D113306D2C18AACB00CF8AE5 /* Resources */ = {
			isa = PBXResourcesBuildPhase;
			buildActionMask = 2147483647;
			files = (
				D113307A2C18AACC00CF8AE5 /* Preview Assets.xcassets in Resources */,
				D11330772C18AACC00CF8AE5 /* Assets.xcassets in Resources */,
			);
			runOnlyForDeploymentPostprocessing = 0;
		};
		D11330822C18AACC00CF8AE5 /* Resources */ = {
			isa = PBXResourcesBuildPhase;
			buildActionMask = 2147483647;
			files = (
			);
			runOnlyForDeploymentPostprocessing = 0;
		};
		D113308C2C18AACC00CF8AE5 /* Resources */ = {
			isa = PBXResourcesBuildPhase;
			buildActionMask = 2147483647;
			files = (
			);
			runOnlyForDeploymentPostprocessing = 0;
		};
/* End PBXResourcesBuildPhase section */

/* Begin PBXSourcesBuildPhase section */
		D113306B2C18AACB00CF8AE5 /* Sources */ = {
			isa = PBXSourcesBuildPhase;
			buildActionMask = 2147483647;
			files = (
				D113307C2C18AACC00CF8AE5 /* Persistence.swift in Sources */,
				D113307F2C18AACC00CF8AE5 /* Studiwus.xcdatamodeld in Sources */,
				D11330752C18AACB00CF8AE5 /* ContentView.swift in Sources */,
				D11330732C18AACB00CF8AE5 /* StudiwusApp.swift in Sources */,
			);
			runOnlyForDeploymentPostprocessing = 0;
		};
		D11330802C18AACC00CF8AE5 /* Sources */ = {
			isa = PBXSourcesBuildPhase;
			buildActionMask = 2147483647;
			files = (
				D11330892C18AACC00CF8AE5 /* StudiwusTests.swift in Sources */,
			);
			runOnlyForDeploymentPostprocessing = 0;
		};
		D113308A2C18AACC00CF8AE5 /* Sources */ = {
			isa = PBXSourcesBuildPhase;
			buildActionMask = 2147483647;
			files = (
				D11330952C18AACC00CF8AE5 /* StudiwusUITestsLaunchTests.swift in Sources */,
				D11330932C18AACC00CF8AE5 /* StudiwusUITests.swift in Sources */,
			);
			runOnlyForDeploymentPostprocessing = 0;
		};
/* End PBXSourcesBuildPhase section */

/* Begin PBXTargetDependency section */
		D11330862C18AACC00CF8AE5 /* PBXTargetDependency */ = {
			isa = PBXTargetDependency;
			target = D113306E2C18AACB00CF8AE5 /* Studiwus */;
			targetProxy = D11330852C18AACC00CF8AE5 /* PBXContainerItemProxy */;
		};
		D11330902C18AACC00CF8AE5 /* PBXTargetDependency */ = {
			isa = PBXTargetDependency;
			target = D113306E2C18AACB00CF8AE5 /* Studiwus */;
			targetProxy = D113308F2C18AACC00CF8AE5 /* PBXContainerItemProxy */;
		};
/* End PBXTargetDependency section */

/* Begin XCBuildConfiguration section */
		D11330962C18AACC00CF8AE5 /* Debug */ = {
			isa = XCBuildConfiguration;
			buildSettings = {
				ALWAYS_SEARCH_USER_PATHS = NO;
				ASSETCATALOG_COMPILER_GENERATE_SWIFT_ASSET_SYMBOL_EXTENSIONS = YES;
				CLANG_ANALYZER_NONNULL = YES;
				CLANG_ANALYZER_NUMBER_OBJECT_CONVERSION = YES_AGGRESSIVE;
				CLANG_CXX_LANGUAGE_STANDARD = "gnu++20";
				CLANG_ENABLE_MODULES = YES;
				CLANG_ENABLE_OBJC_ARC = YES;
				CLANG_ENABLE_OBJC_WEAK = YES;
				CLANG_WARN_BLOCK_CAPTURE_AUTORELEASING = YES;
				CLANG_WARN_BOOL_CONVERSION = YES;
				CLANG_WARN_COMMA = YES;
				CLANG_WARN_CONSTANT_CONVERSION = YES;
				CLANG_WARN_DEPRECATED_OBJC_IMPLEMENTATIONS = YES;
				CLANG_WARN_DIRECT_OBJC_ISA_USAGE = YES_ERROR;
				CLANG_WARN_DOCUMENTATION_COMMENTS = YES;
				CLANG_WARN_EMPTY_BODY = YES;
				CLANG_WARN_ENUM_CONVERSION = YES;
				CLANG_WARN_INFINITE_RECURSION = YES;
				CLANG_WARN_INT_CONVERSION = YES;
				CLANG_WARN_NON_LITERAL_NULL_CONVERSION = YES;
				CLANG_WARN_OBJC_IMPLICIT_RETAIN_SELF = YES;
				CLANG_WARN_OBJC_LITERAL_CONVERSION = YES;
				CLANG_WARN_OBJC_ROOT_CLASS = YES_ERROR;
				CLANG_WARN_QUOTED_INCLUDE_IN_FRAMEWORK_HEADER = YES;
				CLANG_WARN_RANGE_LOOP_ANALYSIS = YES;
				CLANG_WARN_STRICT_PROTOTYPES = YES;
				CLANG_WARN_SUSPICIOUS_MOVE = YES;
				CLANG_WARN_UNGUARDED_AVAILABILITY = YES_AGGRESSIVE;
				CLANG_WARN_UNREACHABLE_CODE = YES;
				CLANG_WARN__DUPLICATE_METHOD_MATCH = YES;
				COPY_PHASE_STRIP = NO;
				DEBUG_INFORMATION_FORMAT = dwarf;
				ENABLE_STRICT_OBJC_MSGSEND = YES;
				ENABLE_TESTABILITY = YES;
				ENABLE_USER_SCRIPT_SANDBOXING = YES;
				GCC_C_LANGUAGE_STANDARD = gnu17;
				GCC_DYNAMIC_NO_PIC = NO;
				GCC_NO_COMMON_BLOCKS = YES;
				GCC_OPTIMIZATION_LEVEL = 0;
				GCC_PREPROCESSOR_DEFINITIONS = (
					"DEBUG=1",
					"$(inherited)",
				);
				GCC_WARN_64_TO_32_BIT_CONVERSION = YES;
				GCC_WARN_ABOUT_RETURN_TYPE = YES_ERROR;
				GCC_WARN_UNDECLARED_SELECTOR = YES;
				GCC_WARN_UNINITIALIZED_AUTOS = YES_AGGRESSIVE;
				GCC_WARN_UNUSED_FUNCTION = YES;
				GCC_WARN_UNUSED_VARIABLE = YES;
				IPHONEOS_DEPLOYMENT_TARGET = 17.5;
				LOCALIZATION_PREFERS_STRING_CATALOGS = YES;
				MTL_ENABLE_DEBUG_INFO = INCLUDE_SOURCE;
				MTL_FAST_MATH = YES;
				ONLY_ACTIVE_ARCH = YES;
				SDKROOT = iphoneos;
				SWIFT_ACTIVE_COMPILATION_CONDITIONS = "DEBUG $(inherited)";
				SWIFT_OPTIMIZATION_LEVEL = "-Onone";
			};
			name = Debug;
		};
		D11330972C18AACC00CF8AE5 /* Release */ = {
			isa = XCBuildConfiguration;
			buildSettings = {
				ALWAYS_SEARCH_USER_PATHS = NO;
				ASSETCATALOG_COMPILER_GENERATE_SWIFT_ASSET_SYMBOL_EXTENSIONS = YES;
				CLANG_ANALYZER_NONNULL = YES;
				CLANG_ANALYZER_NUMBER_OBJECT_CONVERSION = YES_AGGRESSIVE;
				CLANG_CXX_LANGUAGE_STANDARD = "gnu++20";
				CLANG_ENABLE_MODULES = YES;
				CLANG_ENABLE_OBJC_ARC = YES;
				CLANG_ENABLE_OBJC_WEAK = YES;
				CLANG_WARN_BLOCK_CAPTURE_AUTORELEASING = YES;
				CLANG_WARN_BOOL_CONVERSION = YES;
				CLANG_WARN_COMMA = YES;
				CLANG_WARN_CONSTANT_CONVERSION = YES;
				CLANG_WARN_DEPRECATED_OBJC_IMPLEMENTATIONS = YES;
				CLANG_WARN_DIRECT_OBJC_ISA_USAGE = YES_ERROR;
				CLANG_WARN_DOCUMENTATION_COMMENTS = YES;
				CLANG_WARN_EMPTY_BODY = YES;
				CLANG_WARN_ENUM_CONVERSION = YES;
				CLANG_WARN_INFINITE_RECURSION = YES;
				CLANG_WARN_INT_CONVERSION = YES;
				CLANG_WARN_NON_LITERAL_NULL_CONVERSION = YES;
				CLANG_WARN_OBJC_IMPLICIT_RETAIN_SELF = YES;
				CLANG_WARN_OBJC_LITERAL_CONVERSION = YES;
				CLANG_WARN_OBJC_ROOT_CLASS = YES_ERROR;
				CLANG_WARN_QUOTED_INCLUDE_IN_FRAMEWORK_HEADER = YES;
				CLANG_WARN_RANGE_LOOP_ANALYSIS = YES;
				CLANG_WARN_STRICT_PROTOTYPES = YES;
				CLANG_WARN_SUSPICIOUS_MOVE = YES;
				CLANG_WARN_UNGUARDED_AVAILABILITY = YES_AGGRESSIVE;
				CLANG_WARN_UNREACHABLE_CODE = YES;
				CLANG_WARN__DUPLICATE_METHOD_MATCH = YES;
				COPY_PHASE_STRIP = NO;
				DEBUG_INFORMATION_FORMAT = "dwarf-with-dsym";
				ENABLE_NS_ASSERTIONS = NO;
				ENABLE_STRICT_OBJC_MSGSEND = YES;
				ENABLE_USER_SCRIPT_SANDBOXING = YES;
				GCC_C_LANGUAGE_STANDARD = gnu17;
				GCC_NO_COMMON_BLOCKS = YES;
				GCC_WARN_64_TO_32_BIT_CONVERSION = YES;
				GCC_WARN_ABOUT_RETURN_TYPE = YES_ERROR;
				GCC_WARN_UNDECLARED_SELECTOR = YES;
				GCC_WARN_UNINITIALIZED_AUTOS = YES_AGGRESSIVE;
				GCC_WARN_UNUSED_FUNCTION = YES;
				GCC_WARN_UNUSED_VARIABLE = YES;
				IPHONEOS_DEPLOYMENT_TARGET = 17.5;
				LOCALIZATION_PREFERS_STRING_CATALOGS = YES;
				MTL_ENABLE_DEBUG_INFO = NO;
				MTL_FAST_MATH = YES;
				SDKROOT = iphoneos;
				SWIFT_COMPILATION_MODE = wholemodule;
				VALIDATE_PRODUCT = YES;
			};
			name = Release;
		};
		D11330992C18AACC00CF8AE5 /* Debug */ = {
			isa = XCBuildConfiguration;
			buildSettings = {
				ASSETCATALOG_COMPILER_APPICON_NAME = AppIcon;
				ASSETCATALOG_COMPILER_GLOBAL_ACCENT_COLOR_NAME = AccentColor;
				CODE_SIGN_STYLE = Automatic;
				CURRENT_PROJECT_VERSION = 1;
				DEVELOPMENT_ASSET_PATHS = "\"Studiwus/Preview Content\"";
				ENABLE_PREVIEWS = YES;
				GENERATE_INFOPLIST_FILE = YES;
				INFOPLIST_KEY_UIApplicationSceneManifest_Generation = YES;
				INFOPLIST_KEY_UIApplicationSupportsIndirectInputEvents = YES;
				INFOPLIST_KEY_UILaunchScreen_Generation = YES;
				INFOPLIST_KEY_UISupportedInterfaceOrientations_iPad = "UIInterfaceOrientationPortrait UIInterfaceOrientationPortraitUpsideDown UIInterfaceOrientationLandscapeLeft UIInterfaceOrientationLandscapeRight";
				INFOPLIST_KEY_UISupportedInterfaceOrientations_iPhone = "UIInterfaceOrientationPortrait UIInterfaceOrientationLandscapeLeft UIInterfaceOrientationLandscapeRight";
				LD_RUNPATH_SEARCH_PATHS = (
					"$(inherited)",
					"@executable_path/Frameworks",
				);
				MARKETING_VERSION = 1.0;
				PRODUCT_BUNDLE_IDENTIFIER = Avlash.Studiwus;
				PRODUCT_NAME = "$(TARGET_NAME)";
				SWIFT_EMIT_LOC_STRINGS = YES;
				SWIFT_VERSION = 5.0;
				TARGETED_DEVICE_FAMILY = "1,2";
			};
			name = Debug;
		};
		D113309A2C18AACC00CF8AE5 /* Release */ = {
			isa = XCBuildConfiguration;
			buildSettings = {
				ASSETCATALOG_COMPILER_APPICON_NAME = AppIcon;
				ASSETCATALOG_COMPILER_GLOBAL_ACCENT_COLOR_NAME = AccentColor;
				CODE_SIGN_STYLE = Automatic;
				CURRENT_PROJECT_VERSION = 1;
				DEVELOPMENT_ASSET_PATHS = "\"Studiwus/Preview Content\"";
				ENABLE_PREVIEWS = YES;
				GENERATE_INFOPLIST_FILE = YES;
				INFOPLIST_KEY_UIApplicationSceneManifest_Generation = YES;
				INFOPLIST_KEY_UIApplicationSupportsIndirectInputEvents = YES;
				INFOPLIST_KEY_UILaunchScreen_Generation = YES;
				INFOPLIST_KEY_UISupportedInterfaceOrientations_iPad = "UIInterfaceOrientationPortrait UIInterfaceOrientationPortraitUpsideDown UIInterfaceOrientationLandscapeLeft UIInterfaceOrientationLandscapeRight";
				INFOPLIST_KEY_UISupportedInterfaceOrientations_iPhone = "UIInterfaceOrientationPortrait UIInterfaceOrientationLandscapeLeft UIInterfaceOrientationLandscapeRight";
				LD_RUNPATH_SEARCH_PATHS = (
					"$(inherited)",
					"@executable_path/Frameworks",
				);
				MARKETING_VERSION = 1.0;
				PRODUCT_BUNDLE_IDENTIFIER = Avlash.Studiwus;
				PRODUCT_NAME = "$(TARGET_NAME)";
				SWIFT_EMIT_LOC_STRINGS = YES;
				SWIFT_VERSION = 5.0;
				TARGETED_DEVICE_FAMILY = "1,2";
			};
			name = Release;
		};
		D113309C2C18AACC00CF8AE5 /* Debug */ = {
			isa = XCBuildConfiguration;
			buildSettings = {
				ALWAYS_EMBED_SWIFT_STANDARD_LIBRARIES = YES;
				BUNDLE_LOADER = "$(TEST_HOST)";
				CODE_SIGN_STYLE = Automatic;
				CURRENT_PROJECT_VERSION = 1;
				GENERATE_INFOPLIST_FILE = YES;
				IPHONEOS_DEPLOYMENT_TARGET = 17.5;
				MARKETING_VERSION = 1.0;
				PRODUCT_BUNDLE_IDENTIFIER = Avlash.StudiwusTests;
				PRODUCT_NAME = "$(TARGET_NAME)";
				SWIFT_EMIT_LOC_STRINGS = NO;
				SWIFT_VERSION = 5.0;
				TARGETED_DEVICE_FAMILY = "1,2";
				TEST_HOST = "$(BUILT_PRODUCTS_DIR)/Studiwus.app/$(BUNDLE_EXECUTABLE_FOLDER_PATH)/Studiwus";
			};
			name = Debug;
		};
		D113309D2C18AACC00CF8AE5 /* Release */ = {
			isa = XCBuildConfiguration;
			buildSettings = {
				ALWAYS_EMBED_SWIFT_STANDARD_LIBRARIES = YES;
				BUNDLE_LOADER = "$(TEST_HOST)";
				CODE_SIGN_STYLE = Automatic;
				CURRENT_PROJECT_VERSION = 1;
				GENERATE_INFOPLIST_FILE = YES;
				IPHONEOS_DEPLOYMENT_TARGET = 17.5;
				MARKETING_VERSION = 1.0;
				PRODUCT_BUNDLE_IDENTIFIER = Avlash.StudiwusTests;
				PRODUCT_NAME = "$(TARGET_NAME)";
				SWIFT_EMIT_LOC_STRINGS = NO;
				SWIFT_VERSION = 5.0;
				TARGETED_DEVICE_FAMILY = "1,2";
				TEST_HOST = "$(BUILT_PRODUCTS_DIR)/Studiwus.app/$(BUNDLE_EXECUTABLE_FOLDER_PATH)/Studiwus";
			};
			name = Release;
		};
		D113309F2C18AACC00CF8AE5 /* Debug */ = {
			isa = XCBuildConfiguration;
			buildSettings = {
				ALWAYS_EMBED_SWIFT_STANDARD_LIBRARIES = YES;
				CODE_SIGN_STYLE = Automatic;
				CURRENT_PROJECT_VERSION = 1;
				GENERATE_INFOPLIST_FILE = YES;
				MARKETING_VERSION = 1.0;
				PRODUCT_BUNDLE_IDENTIFIER = Avlash.StudiwusUITests;
				PRODUCT_NAME = "$(TARGET_NAME)";
				SWIFT_EMIT_LOC_STRINGS = NO;
				SWIFT_VERSION = 5.0;
				TARGETED_DEVICE_FAMILY = "1,2";
				TEST_TARGET_NAME = Studiwus;
			};
			name = Debug;
		};
		D11330A02C18AACC00CF8AE5 /* Release */ = {
			isa = XCBuildConfiguration;
			buildSettings = {
				ALWAYS_EMBED_SWIFT_STANDARD_LIBRARIES = YES;
				CODE_SIGN_STYLE = Automatic;
				CURRENT_PROJECT_VERSION = 1;
				GENERATE_INFOPLIST_FILE = YES;
				MARKETING_VERSION = 1.0;
				PRODUCT_BUNDLE_IDENTIFIER = Avlash.StudiwusUITests;
				PRODUCT_NAME = "$(TARGET_NAME)";
				SWIFT_EMIT_LOC_STRINGS = NO;
				SWIFT_VERSION = 5.0;
				TARGETED_DEVICE_FAMILY = "1,2";
				TEST_TARGET_NAME = Studiwus;
			};
			name = Release;
		};
/* End XCBuildConfiguration section */

/* Begin XCConfigurationList section */
		D113306A2C18AACB00CF8AE5 /* Build configuration list for PBXProject "Studiwus" */ = {
			isa = XCConfigurationList;
			buildConfigurations = (
				D11330962C18AACC00CF8AE5 /* Debug */,
				D11330972C18AACC00CF8AE5 /* Release */,
			);
			defaultConfigurationIsVisible = 0;
			defaultConfigurationName = Release;
		};
		D11330982C18AACC00CF8AE5 /* Build configuration list for PBXNativeTarget "Studiwus" */ = {
			isa = XCConfigurationList;
			buildConfigurations = (
				D11330992C18AACC00CF8AE5 /* Debug */,
				D113309A2C18AACC00CF8AE5 /* Release */,
			);
			defaultConfigurationIsVisible = 0;
			defaultConfigurationName = Release;
		};
		D113309B2C18AACC00CF8AE5 /* Build configuration list for PBXNativeTarget "StudiwusTests" */ = {
			isa = XCConfigurationList;
			buildConfigurations = (
				D113309C2C18AACC00CF8AE5 /* Debug */,
				D113309D2C18AACC00CF8AE5 /* Release */,
			);
			defaultConfigurationIsVisible = 0;
			defaultConfigurationName = Release;
		};
		D113309E2C18AACC00CF8AE5 /* Build configuration list for PBXNativeTarget "StudiwusUITests" */ = {
			isa = XCConfigurationList;
			buildConfigurations = (
				D113309F2C18AACC00CF8AE5 /* Debug */,
				D11330A02C18AACC00CF8AE5 /* Release */,
			);
			defaultConfigurationIsVisible = 0;
			defaultConfigurationName = Release;
		};
/* End XCConfigurationList section */

/* Begin XCVersionGroup section */
		D113307D2C18AACC00CF8AE5 /* Studiwus.xcdatamodeld */ = {
			isa = XCVersionGroup;
			children = (
				D113307E2C18AACC00CF8AE5 /* Studiwus.xcdatamodel */,
			);
			currentVersion = D113307E2C18AACC00CF8AE5 /* Studiwus.xcdatamodel */;
			path = Studiwus.xcdatamodeld;
			sourceTree = "<group>";
			versionGroupType = wrapper.xcdatamodel;
		};
/* End XCVersionGroup section */
	};
	rootObject = D11330672C18AACB00CF8AE5 /* Project object */;
}
